
Microsoft Visual Studio Solution File, Format Version 12.00
# Visual Studio Version 16
VisualStudioVersion = 16.0.32802.440
MinimumVisualStudioVersion = 10.0.40219.1
Project("{FAE04EC0-301F-11D3-BF4B-00C04F79EFBC}") = "Pang Client Launcher", "Pang Client Launcher\Pang Client Launcher.csproj", "{E7B88713-D476-4C25-9130-0E608457C317}"
EndProject
Global
	GlobalSection(SolutionConfigurationPlatforms) = preSolution
		Debug|Any CPU = Debug|Any CPU
		Release|Any CPU = Release|Any CPU
	EndGlobalSection
	GlobalSection(ProjectConfigurationPlatforms) = postSolution
		{E7B88713-D476-4C25-9130-0E608457C317}.Debug|Any CPU.ActiveCfg = Debug|Any CPU
		{E7B88713-D476-4C25-9130-0E608457C317}.Debug|Any CPU.Build.0 = Debug|Any CPU
		{E7B88713-D476-4C25-9130-0E608457C317}.Release|Any CPU.ActiveCfg = Release|Any CPU
		{E7B88713-D476-4C25-9130-0E608457C317}.Release|Any CPU.Build.0 = Release|Any CPU
	EndGlobalSection
	GlobalSection(SolutionProperties) = preSolution
		HideSolutionNode = FALSE
	EndGlobalSection
	GlobalSection(ExtensibilityGlobals) = postSolution
		SolutionGuid = {C1846F63-3B25-4584-9BA1-11C7E69464D2}
	EndGlobalSection
EndGlobal
